
Microsoft Visual Studio Solution File, Format Version 12.00
# Visual Studio Version 16
VisualStudioVersion = 16.0.29509.3
MinimumVisualStudioVersion = 10.0.40219.1
Project("{FAE04EC0-301F-11D3-BF4B-00C04F79EFBC}") = "EmployeeManagement.Mvc", "EmployeeManagement.Mvc\EmployeeManagement.Mvc.csproj", "{3A8651A7-27C5-4988-8B96-0A61CD3E3C55}"
EndProject
Global
	GlobalSection(SolutionConfigurationPlatforms) = preSolution
		Debug|Any CPU = Debug|Any CPU
		Release|Any CPU = Release|Any CPU
	EndGlobalSection
	GlobalSection(ProjectConfigurationPlatforms) = postSolution
		{3A8651A7-27C5-4988-8B96-0A61CD3E3C55}.Debug|Any CPU.ActiveCfg = Debug|Any CPU
		{3A8651A7-27C5-4988-8B96-0A61CD3E3C55}.Debug|Any CPU.Build.0 = Debug|Any CPU
		{3A8651A7-27C5-4988-8B96-0A61CD3E3C55}.Release|Any CPU.ActiveCfg = Release|Any CPU
		{3A8651A7-27C5-4988-8B96-0A61CD3E3C55}.Release|Any CPU.Build.0 = Release|Any CPU
	EndGlobalSection
	GlobalSection(SolutionProperties) = preSolution
		HideSolutionNode = FALSE
	EndGlobalSection
	GlobalSection(ExtensibilityGlobals) = postSolution
		SolutionGuid = {D88C8B6D-AB4F-490A-B1F2-78399926448A}
	EndGlobalSection
EndGlobal
